// !$*UTF8*$!
{
	archiveVersion = 1;
	classes = {
	};
	objectVersion = 56;
	objects = {

/* Begin PBXBuildFile section */
		106080BB2CA2D1F100C0E10D /* NavigationTestProjectApp.swift in Sources */ = {isa = PBXBuildFile; fileRef = 106080BA2CA2D1F100C0E10D /* NavigationTestProjectApp.swift */; };
		106080BD2CA2D1F100C0E10D /* ContentView.swift in Sources */ = {isa = PBXBuildFile; fileRef = 106080BC2CA2D1F100C0E10D /* ContentView.swift */; };
		106080BF2CA2D1F200C0E10D /* Assets.xcassets in Resources */ = {isa = PBXBuildFile; fileRef = 106080BE2CA2D1F200C0E10D /* Assets.xcassets */; };
		106080C22CA2D1F200C0E10D /* Preview Assets.xcassets in Resources */ = {isa = PBXBuildFile; fileRef = 106080C12CA2D1F200C0E10D /* Preview Assets.xcassets */; };
		106080CC2CA2D1F200C0E10D /* NavigationTestProjectTests.swift in Sources */ = {isa = PBXBuildFile; fileRef = 106080CB2CA2D1F200C0E10D /* NavigationTestProjectTests.swift */; };
		106080D62CA2D1F200C0E10D /* NavigationTestProjectUITests.swift in Sources */ = {isa = PBXBuildFile; fileRef = 106080D52CA2D1F200C0E10D /* NavigationTestProjectUITests.swift */; };
		106080D82CA2D1F200C0E10D /* NavigationTestProjectUITestsLaunchTests.swift in Sources */ = {isa = PBXBuildFile; fileRef = 106080D72CA2D1F200C0E10D /* NavigationTestProjectUITestsLaunchTests.swift */; };
/* End PBXBuildFile section */

/* Begin PBXContainerItemProxy section */
		106080C82CA2D1F200C0E10D /* PBXContainerItemProxy */ = {
			isa = PBXContainerItemProxy;
			containerPortal = 106080AF2CA2D1F100C0E10D /* Project object */;
			proxyType = 1;
			remoteGlobalIDString = 106080B62CA2D1F100C0E10D;
			remoteInfo = NavigationTestProject;
		};
		106080D22CA2D1F200C0E10D /* PBXContainerItemProxy */ = {
			isa = PBXContainerItemProxy;
			containerPortal = 106080AF2CA2D1F100C0E10D /* Project object */;
			proxyType = 1;
			remoteGlobalIDString = 106080B62CA2D1F100C0E10D;
			remoteInfo = NavigationTestProject;
		};
/* End PBXContainerItemProxy section */

/* Begin PBXFileReference section */
		106080B72CA2D1F100C0E10D /* NavigationTestProject.app */ = {isa = PBXFileReference; explicitFileType = wrapper.application; includeInIndex = 0; path = NavigationTestProject.app; sourceTree = BUILT_PRODUCTS_DIR; };
		106080BA2CA2D1F100C0E10D /* NavigationTestProjectApp.swift */ = {isa = PBXFileReference; lastKnownFileType = sourcecode.swift; path = NavigationTestProjectApp.swift; sourceTree = "<group>"; };
		106080BC2CA2D1F100C0E10D /* ContentView.swift */ = {isa = PBXFileReference; lastKnownFileType = sourcecode.swift; path = ContentView.swift; sourceTree = "<group>"; };
		106080BE2CA2D1F200C0E10D /* Assets.xcassets */ = {isa = PBXFileReference; lastKnownFileType = folder.assetcatalog; path = Assets.xcassets; sourceTree = "<group>"; };
		106080C12CA2D1F200C0E10D /* Preview Assets.xcassets */ = {isa = PBXFileReference; lastKnownFileType = folder.assetcatalog; path = "Preview Assets.xcassets"; sourceTree = "<group>"; };
		106080C72CA2D1F200C0E10D /* NavigationTestProjectTests.xctest */ = {isa = PBXFileReference; explicitFileType = wrapper.cfbundle; includeInIndex = 0; path = NavigationTestProjectTests.xctest; sourceTree = BUILT_PRODUCTS_DIR; };
		106080CB2CA2D1F200C0E10D /* NavigationTestProjectTests.swift */ = {isa = PBXFileReference; lastKnownFileType = sourcecode.swift; path = NavigationTestProjectTests.swift; sourceTree = "<group>"; };
		106080D12CA2D1F200C0E10D /* NavigationTestProjectUITests.xctest */ = {isa = PBXFileReference; explicitFileType = wrapper.cfbundle; includeInIndex = 0; path = NavigationTestProjectUITests.xctest; sourceTree = BUILT_PRODUCTS_DIR; };
		106080D52CA2D1F200C0E10D /* NavigationTestProjectUITests.swift */ = {isa = PBXFileReference; lastKnownFileType = sourcecode.swift; path = NavigationTestProjectUITests.swift; sourceTree = "<group>"; };
		106080D72CA2D1F200C0E10D /* NavigationTestProjectUITestsLaunchTests.swift */ = {isa = PBXFileReference; lastKnownFileType = sourcecode.swift; path = NavigationTestProjectUITestsLaunchTests.swift; sourceTree = "<group>"; };
/* End PBXFileReference section */

/* Begin PBXFrameworksBuildPhase section */
		106080B42CA2D1F100C0E10D /* Frameworks */ = {
			isa = PBXFrameworksBuildPhase;
			buildActionMask = 2147483647;
			files = (
			);
			runOnlyForDeploymentPostprocessing = 0;
		};
		106080C42CA2D1F200C0E10D /* Frameworks */ = {
			isa = PBXFrameworksBuildPhase;
			buildActionMask = 2147483647;
			files = (
			);
			runOnlyForDeploymentPostprocessing = 0;
		};
		106080CE2CA2D1F200C0E10D /* Frameworks */ = {
			isa = PBXFrameworksBuildPhase;
			buildActionMask = 2147483647;
			files = (
			);
			runOnlyForDeploymentPostprocessing = 0;
		};
/* End PBXFrameworksBuildPhase section */

/* Begin PBXGroup section */
		106080AE2CA2D1F100C0E10D = {
			isa = PBXGroup;
			children = (
				106080B92CA2D1F100C0E10D /* NavigationTestProject */,
				106080CA2CA2D1F200C0E10D /* NavigationTestProjectTests */,
				106080D42CA2D1F200C0E10D /* NavigationTestProjectUITests */,
				106080B82CA2D1F100C0E10D /* Products */,
			);
			sourceTree = "<group>";
		};
		106080B82CA2D1F100C0E10D /* Products */ = {
			isa = PBXGroup;
			children = (
				106080B72CA2D1F100C0E10D /* NavigationTestProject.app */,
				106080C72CA2D1F200C0E10D /* NavigationTestProjectTests.xctest */,
				106080D12CA2D1F200C0E10D /* NavigationTestProjectUITests.xctest */,
			);
			name = Products;
			sourceTree = "<group>";
		};
		106080B92CA2D1F100C0E10D /* NavigationTestProject */ = {
			isa = PBXGroup;
			children = (
				106080BA2CA2D1F100C0E10D /* NavigationTestProjectApp.swift */,
				106080BC2CA2D1F100C0E10D /* ContentView.swift */,
				106080BE2CA2D1F200C0E10D /* Assets.xcassets */,
				106080C02CA2D1F200C0E10D /* Preview Content */,
			);
			path = NavigationTestProject;
			sourceTree = "<group>";
		};
		106080C02CA2D1F200C0E10D /* Preview Content */ = {
			isa = PBXGroup;
			children = (
				106080C12CA2D1F200C0E10D /* Preview Assets.xcassets */,
			);
			path = "Preview Content";
			sourceTree = "<group>";
		};
		106080CA2CA2D1F200C0E10D /* NavigationTestProjectTests */ = {
			isa = PBXGroup;
			children = (
				106080CB2CA2D1F200C0E10D /* NavigationTestProjectTests.swift */,
			);
			path = NavigationTestProjectTests;
			sourceTree = "<group>";
		};
		106080D42CA2D1F200C0E10D /* NavigationTestProjectUITests */ = {
			isa = PBXGroup;
			children = (
				106080D52CA2D1F200C0E10D /* NavigationTestProjectUITests.swift */,
				106080D72CA2D1F200C0E10D /* NavigationTestProjectUITestsLaunchTests.swift */,
			);
			path = NavigationTestProjectUITests;
			sourceTree = "<group>";
		};
/* End PBXGroup section */

/* Begin PBXNativeTarget section */
		106080B62CA2D1F100C0E10D /* NavigationTestProject */ = {
			isa = PBXNativeTarget;
			buildConfigurationList = 106080DB2CA2D1F200C0E10D /* Build configuration list for PBXNativeTarget "NavigationTestProject" */;
			buildPhases = (
				106080B32CA2D1F100C0E10D /* Sources */,
				106080B42CA2D1F100C0E10D /* Frameworks */,
				106080B52CA2D1F100C0E10D /* Resources */,
			);
			buildRules = (
			);
			dependencies = (
			);
			name = NavigationTestProject;
			productName = NavigationTestProject;
			productReference = 106080B72CA2D1F100C0E10D /* NavigationTestProject.app */;
			productType = "com.apple.product-type.application";
		};
		106080C62CA2D1F200C0E10D /* NavigationTestProjectTests */ = {
			isa = PBXNativeTarget;
			buildConfigurationList = 106080DE2CA2D1F200C0E10D /* Build configuration list for PBXNativeTarget "NavigationTestProjectTests" */;
			buildPhases = (
				106080C32CA2D1F200C0E10D /* Sources */,
				106080C42CA2D1F200C0E10D /* Frameworks */,
				106080C52CA2D1F200C0E10D /* Resources */,
			);
			buildRules = (
			);
			dependencies = (
				106080C92CA2D1F200C0E10D /* PBXTargetDependency */,
			);
			name = NavigationTestProjectTests;
			productName = NavigationTestProjectTests;
			productReference = 106080C72CA2D1F200C0E10D /* NavigationTestProjectTests.xctest */;
			productType = "com.apple.product-type.bundle.unit-test";
		};
		106080D02CA2D1F200C0E10D /* NavigationTestProjectUITests */ = {
			isa = PBXNativeTarget;
			buildConfigurationList = 106080E12CA2D1F200C0E10D /* Build configuration list for PBXNativeTarget "NavigationTestProjectUITests" */;
			buildPhases = (
				106080CD2CA2D1F200C0E10D /* Sources */,
				106080CE2CA2D1F200C0E10D /* Frameworks */,
				106080CF2CA2D1F200C0E10D /* Resources */,
			);
			buildRules = (
			);
			dependencies = (
				106080D32CA2D1F200C0E10D /* PBXTargetDependency */,
			);
			name = NavigationTestProjectUITests;
			productName = NavigationTestProjectUITests;
			productReference = 106080D12CA2D1F200C0E10D /* NavigationTestProjectUITests.xctest */;
			productType = "com.apple.product-type.bundle.ui-testing";
		};
/* End PBXNativeTarget section */

/* Begin PBXProject section */
		106080AF2CA2D1F100C0E10D /* Project object */ = {
			isa = PBXProject;
			attributes = {
				BuildIndependentTargetsInParallel = 1;
				LastSwiftUpdateCheck = 1500;
				LastUpgradeCheck = 1500;
				TargetAttributes = {
					106080B62CA2D1F100C0E10D = {
						CreatedOnToolsVersion = 15.0;
					};
					106080C62CA2D1F200C0E10D = {
						CreatedOnToolsVersion = 15.0;
						TestTargetID = 106080B62CA2D1F100C0E10D;
					};
					106080D02CA2D1F200C0E10D = {
						CreatedOnToolsVersion = 15.0;
						TestTargetID = 106080B62CA2D1F100C0E10D;
					};
				};
			};
			buildConfigurationList = 106080B22CA2D1F100C0E10D /* Build configuration list for PBXProject "NavigationTestProject" */;
			compatibilityVersion = "Xcode 14.0";
			developmentRegion = en;
			hasScannedForEncodings = 0;
			knownRegions = (
				en,
				Base,
			);
			mainGroup = 106080AE2CA2D1F100C0E10D;
			productRefGroup = 106080B82CA2D1F100C0E10D /* Products */;
			projectDirPath = "";
			projectRoot = "";
			targets = (
				106080B62CA2D1F100C0E10D /* NavigationTestProject */,
				106080C62CA2D1F200C0E10D /* NavigationTestProjectTests */,
				106080D02CA2D1F200C0E10D /* NavigationTestProjectUITests */,
			);
		};
/* End PBXProject section */

/* Begin PBXResourcesBuildPhase section */
		106080B52CA2D1F100C0E10D /* Resources */ = {
			isa = PBXResourcesBuildPhase;
			buildActionMask = 2147483647;
			files = (
				106080C22CA2D1F200C0E10D /* Preview Assets.xcassets in Resources */,
				106080BF2CA2D1F200C0E10D /* Assets.xcassets in Resources */,
			);
			runOnlyForDeploymentPostprocessing = 0;
		};
		106080C52CA2D1F200C0E10D /* Resources */ = {
			isa = PBXResourcesBuildPhase;
			buildActionMask = 2147483647;
			files = (
			);
			runOnlyForDeploymentPostprocessing = 0;
		};
		106080CF2CA2D1F200C0E10D /* Resources */ = {
			isa = PBXResourcesBuildPhase;
			buildActionMask = 2147483647;
			files = (
			);
			runOnlyForDeploymentPostprocessing = 0;
		};
/* End PBXResourcesBuildPhase section */

/* Begin PBXSourcesBuildPhase section */
		106080B32CA2D1F100C0E10D /* Sources */ = {
			isa = PBXSourcesBuildPhase;
			buildActionMask = 2147483647;
			files = (
				106080BD2CA2D1F100C0E10D /* ContentView.swift in Sources */,
				106080BB2CA2D1F100C0E10D /* NavigationTestProjectApp.swift in Sources */,
			);
			runOnlyForDeploymentPostprocessing = 0;
		};
		106080C32CA2D1F200C0E10D /* Sources */ = {
			isa = PBXSourcesBuildPhase;
			buildActionMask = 2147483647;
			files = (
				106080CC2CA2D1F200C0E10D /* NavigationTestProjectTests.swift in Sources */,
			);
			runOnlyForDeploymentPostprocessing = 0;
		};
		106080CD2CA2D1F200C0E10D /* Sources */ = {
			isa = PBXSourcesBuildPhase;
			buildActionMask = 2147483647;
			files = (
				106080D82CA2D1F200C0E10D /* NavigationTestProjectUITestsLaunchTests.swift in Sources */,
				106080D62CA2D1F200C0E10D /* NavigationTestProjectUITests.swift in Sources */,
			);
			runOnlyForDeploymentPostprocessing = 0;
		};
/* End PBXSourcesBuildPhase section */

/* Begin PBXTargetDependency section */
		106080C92CA2D1F200C0E10D /* PBXTargetDependency */ = {
			isa = PBXTargetDependency;
			target = 106080B62CA2D1F100C0E10D /* NavigationTestProject */;
			targetProxy = 106080C82CA2D1F200C0E10D /* PBXContainerItemProxy */;
		};
		106080D32CA2D1F200C0E10D /* PBXTargetDependency */ = {
			isa = PBXTargetDependency;
			target = 106080B62CA2D1F100C0E10D /* NavigationTestProject */;
			targetProxy = 106080D22CA2D1F200C0E10D /* PBXContainerItemProxy */;
		};
/* End PBXTargetDependency section */

/* Begin XCBuildConfiguration section */
		106080D92CA2D1F200C0E10D /* Debug */ = {
			isa = XCBuildConfiguration;
			buildSettings = {
				ALWAYS_SEARCH_USER_PATHS = NO;
				ASSETCATALOG_COMPILER_GENERATE_SWIFT_ASSET_SYMBOL_EXTENSIONS = YES;
				CLANG_ANALYZER_NONNULL = YES;
				CLANG_ANALYZER_NUMBER_OBJECT_CONVERSION = YES_AGGRESSIVE;
				CLANG_CXX_LANGUAGE_STANDARD = "gnu++20";
				CLANG_ENABLE_MODULES = YES;
				CLANG_ENABLE_OBJC_ARC = YES;
				CLANG_ENABLE_OBJC_WEAK = YES;
				CLANG_WARN_BLOCK_CAPTURE_AUTORELEASING = YES;
				CLANG_WARN_BOOL_CONVERSION = YES;
				CLANG_WARN_COMMA = YES;
				CLANG_WARN_CONSTANT_CONVERSION = YES;
				CLANG_WARN_DEPRECATED_OBJC_IMPLEMENTATIONS = YES;
				CLANG_WARN_DIRECT_OBJC_ISA_USAGE = YES_ERROR;
				CLANG_WARN_DOCUMENTATION_COMMENTS = YES;
				CLANG_WARN_EMPTY_BODY = YES;
				CLANG_WARN_ENUM_CONVERSION = YES;
				CLANG_WARN_INFINITE_RECURSION = YES;
				CLANG_WARN_INT_CONVERSION = YES;
				CLANG_WARN_NON_LITERAL_NULL_CONVERSION = YES;
				CLANG_WARN_OBJC_IMPLICIT_RETAIN_SELF = YES;
				CLANG_WARN_OBJC_LITERAL_CONVERSION = YES;
				CLANG_WARN_OBJC_ROOT_CLASS = YES_ERROR;
				CLANG_WARN_QUOTED_INCLUDE_IN_FRAMEWORK_HEADER = YES;
				CLANG_WARN_RANGE_LOOP_ANALYSIS = YES;
				CLANG_WARN_STRICT_PROTOTYPES = YES;
				CLANG_WARN_SUSPICIOUS_MOVE = YES;
				CLANG_WARN_UNGUARDED_AVAILABILITY = YES_AGGRESSIVE;
				CLANG_WARN_UNREACHABLE_CODE = YES;
				CLANG_WARN__DUPLICATE_METHOD_MATCH = YES;
				COPY_PHASE_STRIP = NO;
				DEBUG_INFORMATION_FORMAT = dwarf;
				ENABLE_STRICT_OBJC_MSGSEND = YES;
				ENABLE_TESTABILITY = YES;
				ENABLE_USER_SCRIPT_SANDBOXING = YES;
				GCC_C_LANGUAGE_STANDARD = gnu17;
				GCC_DYNAMIC_NO_PIC = NO;
				GCC_NO_COMMON_BLOCKS = YES;
				GCC_OPTIMIZATION_LEVEL = 0;
				GCC_PREPROCESSOR_DEFINITIONS = (
					"DEBUG=1",
					"$(inherited)",
				);
				GCC_WARN_64_TO_32_BIT_CONVERSION = YES;
				GCC_WARN_ABOUT_RETURN_TYPE = YES_ERROR;
				GCC_WARN_UNDECLARED_SELECTOR = YES;
				GCC_WARN_UNINITIALIZED_AUTOS = YES_AGGRESSIVE;
				GCC_WARN_UNUSED_FUNCTION = YES;
				GCC_WARN_UNUSED_VARIABLE = YES;
				IPHONEOS_DEPLOYMENT_TARGET = 17.0;
				LOCALIZATION_PREFERS_STRING_CATALOGS = YES;
				MTL_ENABLE_DEBUG_INFO = INCLUDE_SOURCE;
				MTL_FAST_MATH = YES;
				ONLY_ACTIVE_ARCH = YES;
				SDKROOT = iphoneos;
				SWIFT_ACTIVE_COMPILATION_CONDITIONS = "DEBUG $(inherited)";
				SWIFT_OPTIMIZATION_LEVEL = "-Onone";
			};
			name = Debug;
		};
		106080DA2CA2D1F200C0E10D /* Release */ = {
			isa = XCBuildConfiguration;
			buildSettings = {
				ALWAYS_SEARCH_USER_PATHS = NO;
				ASSETCATALOG_COMPILER_GENERATE_SWIFT_ASSET_SYMBOL_EXTENSIONS = YES;
				CLANG_ANALYZER_NONNULL = YES;
				CLANG_ANALYZER_NUMBER_OBJECT_CONVERSION = YES_AGGRESSIVE;
				CLANG_CXX_LANGUAGE_STANDARD = "gnu++20";
				CLANG_ENABLE_MODULES = YES;
				CLANG_ENABLE_OBJC_ARC = YES;
				CLANG_ENABLE_OBJC_WEAK = YES;
				CLANG_WARN_BLOCK_CAPTURE_AUTORELEASING = YES;
				CLANG_WARN_BOOL_CONVERSION = YES;
				CLANG_WARN_COMMA = YES;
				CLANG_WARN_CONSTANT_CONVERSION = YES;
				CLANG_WARN_DEPRECATED_OBJC_IMPLEMENTATIONS = YES;
				CLANG_WARN_DIRECT_OBJC_ISA_USAGE = YES_ERROR;
				CLANG_WARN_DOCUMENTATION_COMMENTS = YES;
				CLANG_WARN_EMPTY_BODY = YES;
				CLANG_WARN_ENUM_CONVERSION = YES;
				CLANG_WARN_INFINITE_RECURSION = YES;
				CLANG_WARN_INT_CONVERSION = YES;
				CLANG_WARN_NON_LITERAL_NULL_CONVERSION = YES;
				CLANG_WARN_OBJC_IMPLICIT_RETAIN_SELF = YES;
				CLANG_WARN_OBJC_LITERAL_CONVERSION = YES;
				CLANG_WARN_OBJC_ROOT_CLASS = YES_ERROR;
				CLANG_WARN_QUOTED_INCLUDE_IN_FRAMEWORK_HEADER = YES;
				CLANG_WARN_RANGE_LOOP_ANALYSIS = YES;
				CLANG_WARN_STRICT_PROTOTYPES = YES;
				CLANG_WARN_SUSPICIOUS_MOVE = YES;
				CLANG_WARN_UNGUARDED_AVAILABILITY = YES_AGGRESSIVE;
				CLANG_WARN_UNREACHABLE_CODE = YES;
				CLANG_WARN__DUPLICATE_METHOD_MATCH = YES;
				COPY_PHASE_STRIP = NO;
				DEBUG_INFORMATION_FORMAT = "dwarf-with-dsym";
				ENABLE_NS_ASSERTIONS = NO;
				ENABLE_STRICT_OBJC_MSGSEND = YES;
				ENABLE_USER_SCRIPT_SANDBOXING = YES;
				GCC_C_LANGUAGE_STANDARD = gnu17;
				GCC_NO_COMMON_BLOCKS = YES;
				GCC_WARN_64_TO_32_BIT_CONVERSION = YES;
				GCC_WARN_ABOUT_RETURN_TYPE = YES_ERROR;
				GCC_WARN_UNDECLARED_SELECTOR = YES;
				GCC_WARN_UNINITIALIZED_AUTOS = YES_AGGRESSIVE;
				GCC_WARN_UNUSED_FUNCTION = YES;
				GCC_WARN_UNUSED_VARIABLE = YES;
				IPHONEOS_DEPLOYMENT_TARGET = 17.0;
				LOCALIZATION_PREFERS_STRING_CATALOGS = YES;
				MTL_ENABLE_DEBUG_INFO = NO;
				MTL_FAST_MATH = YES;
				SDKROOT = iphoneos;
				SWIFT_COMPILATION_MODE = wholemodule;
				VALIDATE_PRODUCT = YES;
			};
			name = Release;
		};
		106080DC2CA2D1F200C0E10D /* Debug */ = {
			isa = XCBuildConfiguration;
			buildSettings = {
				ASSETCATALOG_COMPILER_APPICON_NAME = AppIcon;
				ASSETCATALOG_COMPILER_GLOBAL_ACCENT_COLOR_NAME = AccentColor;
				CODE_SIGN_STYLE = Automatic;
				CURRENT_PROJECT_VERSION = 1;
				DEVELOPMENT_ASSET_PATHS = "\"NavigationTestProject/Preview Content\"";
				ENABLE_PREVIEWS = YES;
				GENERATE_INFOPLIST_FILE = YES;
				INFOPLIST_KEY_UIApplicationSceneManifest_Generation = YES;
				INFOPLIST_KEY_UIApplicationSupportsIndirectInputEvents = YES;
				INFOPLIST_KEY_UILaunchScreen_Generation = YES;
				INFOPLIST_KEY_UISupportedInterfaceOrientations_iPad = "UIInterfaceOrientationPortrait UIInterfaceOrientationPortraitUpsideDown UIInterfaceOrientationLandscapeLeft UIInterfaceOrientationLandscapeRight";
				INFOPLIST_KEY_UISupportedInterfaceOrientations_iPhone = "UIInterfaceOrientationPortrait UIInterfaceOrientationLandscapeLeft UIInterfaceOrientationLandscapeRight";
				LD_RUNPATH_SEARCH_PATHS = (
					"$(inherited)",
					"@executable_path/Frameworks",
				);
				MARKETING_VERSION = 1.0;
				PRODUCT_BUNDLE_IDENTIFIER = testXcode.NavigationTestProject;
				PRODUCT_NAME = "$(TARGET_NAME)";
				SWIFT_EMIT_LOC_STRINGS = YES;
				SWIFT_VERSION = 5.0;
				TARGETED_DEVICE_FAMILY = "1,2";
			};
			name = Debug;
		};
		106080DD2CA2D1F200C0E10D /* Release */ = {
			isa = XCBuildConfiguration;
			buildSettings = {
				ASSETCATALOG_COMPILER_APPICON_NAME = AppIcon;
				ASSETCATALOG_COMPILER_GLOBAL_ACCENT_COLOR_NAME = AccentColor;
				CODE_SIGN_STYLE = Automatic;
				CURRENT_PROJECT_VERSION = 1;
				DEVELOPMENT_ASSET_PATHS = "\"NavigationTestProject/Preview Content\"";
				ENABLE_PREVIEWS = YES;
				GENERATE_INFOPLIST_FILE = YES;
				INFOPLIST_KEY_UIApplicationSceneManifest_Generation = YES;
				INFOPLIST_KEY_UIApplicationSupportsIndirectInputEvents = YES;
				INFOPLIST_KEY_UILaunchScreen_Generation = YES;
				INFOPLIST_KEY_UISupportedInterfaceOrientations_iPad = "UIInterfaceOrientationPortrait UIInterfaceOrientationPortraitUpsideDown UIInterfaceOrientationLandscapeLeft UIInterfaceOrientationLandscapeRight";
				INFOPLIST_KEY_UISupportedInterfaceOrientations_iPhone = "UIInterfaceOrientationPortrait UIInterfaceOrientationLandscapeLeft UIInterfaceOrientationLandscapeRight";
				LD_RUNPATH_SEARCH_PATHS = (
					"$(inherited)",
					"@executable_path/Frameworks",
				);
				MARKETING_VERSION = 1.0;
				PRODUCT_BUNDLE_IDENTIFIER = testXcode.NavigationTestProject;
				PRODUCT_NAME = "$(TARGET_NAME)";
				SWIFT_EMIT_LOC_STRINGS = YES;
				SWIFT_VERSION = 5.0;
				TARGETED_DEVICE_FAMILY = "1,2";
			};
			name = Release;
		};
		106080DF2CA2D1F200C0E10D /* Debug */ = {
			isa = XCBuildConfiguration;
			buildSettings = {
				ALWAYS_EMBED_SWIFT_STANDARD_LIBRARIES = YES;
				BUNDLE_LOADER = "$(TEST_HOST)";
				CODE_SIGN_STYLE = Automatic;
				CURRENT_PROJECT_VERSION = 1;
				GENERATE_INFOPLIST_FILE = YES;
				IPHONEOS_DEPLOYMENT_TARGET = 17.0;
				MARKETING_VERSION = 1.0;
				PRODUCT_BUNDLE_IDENTIFIER = testXcode.NavigationTestProjectTests;
				PRODUCT_NAME = "$(TARGET_NAME)";
				SWIFT_EMIT_LOC_STRINGS = NO;
				SWIFT_VERSION = 5.0;
				TARGETED_DEVICE_FAMILY = "1,2";
				TEST_HOST = "$(BUILT_PRODUCTS_DIR)/NavigationTestProject.app/$(BUNDLE_EXECUTABLE_FOLDER_PATH)/NavigationTestProject";
			};
			name = Debug;
		};
		106080E02CA2D1F200C0E10D /* Release */ = {
			isa = XCBuildConfiguration;
			buildSettings = {
				ALWAYS_EMBED_SWIFT_STANDARD_LIBRARIES = YES;
				BUNDLE_LOADER = "$(TEST_HOST)";
				CODE_SIGN_STYLE = Automatic;
				CURRENT_PROJECT_VERSION = 1;
				GENERATE_INFOPLIST_FILE = YES;
				IPHONEOS_DEPLOYMENT_TARGET = 17.0;
				MARKETING_VERSION = 1.0;
				PRODUCT_BUNDLE_IDENTIFIER = testXcode.NavigationTestProjectTests;
				PRODUCT_NAME = "$(TARGET_NAME)";
				SWIFT_EMIT_LOC_STRINGS = NO;
				SWIFT_VERSION = 5.0;
				TARGETED_DEVICE_FAMILY = "1,2";
				TEST_HOST = "$(BUILT_PRODUCTS_DIR)/NavigationTestProject.app/$(BUNDLE_EXECUTABLE_FOLDER_PATH)/NavigationTestProject";
			};
			name = Release;
		};
		106080E22CA2D1F200C0E10D /* Debug */ = {
			isa = XCBuildConfiguration;
			buildSettings = {
				ALWAYS_EMBED_SWIFT_STANDARD_LIBRARIES = YES;
				CODE_SIGN_STYLE = Automatic;
				CURRENT_PROJECT_VERSION = 1;
				GENERATE_INFOPLIST_FILE = YES;
				MARKETING_VERSION = 1.0;
				PRODUCT_BUNDLE_IDENTIFIER = testXcode.NavigationTestProjectUITests;
				PRODUCT_NAME = "$(TARGET_NAME)";
				SWIFT_EMIT_LOC_STRINGS = NO;
				SWIFT_VERSION = 5.0;
				TARGETED_DEVICE_FAMILY = "1,2";
				TEST_TARGET_NAME = NavigationTestProject;
			};
			name = Debug;
		};
		106080E32CA2D1F200C0E10D /* Release */ = {
			isa = XCBuildConfiguration;
			buildSettings = {
				ALWAYS_EMBED_SWIFT_STANDARD_LIBRARIES = YES;
				CODE_SIGN_STYLE = Automatic;
				CURRENT_PROJECT_VERSION = 1;
				GENERATE_INFOPLIST_FILE = YES;
				MARKETING_VERSION = 1.0;
				PRODUCT_BUNDLE_IDENTIFIER = testXcode.NavigationTestProjectUITests;
				PRODUCT_NAME = "$(TARGET_NAME)";
				SWIFT_EMIT_LOC_STRINGS = NO;
				SWIFT_VERSION = 5.0;
				TARGETED_DEVICE_FAMILY = "1,2";
				TEST_TARGET_NAME = NavigationTestProject;
			};
			name = Release;
		};
/* End XCBuildConfiguration section */

/* Begin XCConfigurationList section */
		106080B22CA2D1F100C0E10D /* Build configuration list for PBXProject "NavigationTestProject" */ = {
			isa = XCConfigurationList;
			buildConfigurations = (
				106080D92CA2D1F200C0E10D /* Debug */,
				106080DA2CA2D1F200C0E10D /* Release */,
			);
			defaultConfigurationIsVisible = 0;
			defaultConfigurationName = Release;
		};
		106080DB2CA2D1F200C0E10D /* Build configuration list for PBXNativeTarget "NavigationTestProject" */ = {
			isa = XCConfigurationList;
			buildConfigurations = (
				106080DC2CA2D1F200C0E10D /* Debug */,
				106080DD2CA2D1F200C0E10D /* Release */,
			);
			defaultConfigurationIsVisible = 0;
			defaultConfigurationName = Release;
		};
		106080DE2CA2D1F200C0E10D /* Build configuration list for PBXNativeTarget "NavigationTestProjectTests" */ = {
			isa = XCConfigurationList;
			buildConfigurations = (
				106080DF2CA2D1F200C0E10D /* Debug */,
				106080E02CA2D1F200C0E10D /* Release */,
			);
			defaultConfigurationIsVisible = 0;
			defaultConfigurationName = Release;
		};
		106080E12CA2D1F200C0E10D /* Build configuration list for PBXNativeTarget "NavigationTestProjectUITests" */ = {
			isa = XCConfigurationList;
			buildConfigurations = (
				106080E22CA2D1F200C0E10D /* Debug */,
				106080E32CA2D1F200C0E10D /* Release */,
			);
			defaultConfigurationIsVisible = 0;
			defaultConfigurationName = Release;
		};
/* End XCConfigurationList section */
	};
	rootObject = 106080AF2CA2D1F100C0E10D /* Project object */;
}
